
Microsoft Visual Studio Solution File, Format Version 12.00
# Visual Studio 2013
VisualStudioVersion = 12.0.40629.0
MinimumVisualStudioVersion = 10.0.40219.1
Project("{FAE04EC0-301F-11D3-BF4B-00C04F79EFBC}") = "Collision", "Collision\Collision.csproj", "{27AE4258-D5FE-4AC3-8513-ABA1F78B51EB}"
EndProject
Project("{00D1A9C2-B5F0-4AF3-8072-F6C62B433612}") = "Collision.Database", "Collision.Database\Collision.Database.sqlproj", "{F714D5D1-E5E4-4C8E-82A6-3B594341297D}"
EndProject
Project("{FAE04EC0-301F-11D3-BF4B-00C04F79EFBC}") = "Collision.Console", "Collision.Console\Collision.Console.csproj", "{81120D91-CAB2-4DCA-A141-D2CFA64D6EE6}"
EndProject
Project("{FAE04EC0-301F-11D3-BF4B-00C04F79EFBC}") = "Collision.Sql.Ef", "Collision.Sql.Ef\Collision.Sql.Ef.csproj", "{2694BEB6-F330-4D4C-A2F1-741E50266DCE}"
EndProject
Project("{FAE04EC0-301F-11D3-BF4B-00C04F79EFBC}") = "Collision.Core", "Collision.Core\Collision.Core.csproj", "{A0CE6E33-F118-450F-B017-0D7CC11AFACB}"
EndProject
Project("{2150E333-8FDC-42A3-9474-1A3956D46DE8}") = "Tests", "Tests", "{989F5F85-0279-4D6D-BF21-31992CF6F309}"
EndProject
Global
	GlobalSection(SolutionConfigurationPlatforms) = preSolution
		Base|Any CPU = Base|Any CPU
		Base|x64 = Base|x64
		Debug|Any CPU = Debug|Any CPU
		Debug|x64 = Debug|x64
		Debug2|Any CPU = Debug2|Any CPU
		Debug2|x64 = Debug2|x64
		Release|Any CPU = Release|Any CPU
		Release|x64 = Release|x64
	EndGlobalSection
	GlobalSection(ProjectConfigurationPlatforms) = postSolution
		{27AE4258-D5FE-4AC3-8513-ABA1F78B51EB}.Base|Any CPU.ActiveCfg = Base|Any CPU
		{27AE4258-D5FE-4AC3-8513-ABA1F78B51EB}.Base|Any CPU.Build.0 = Base|Any CPU
		{27AE4258-D5FE-4AC3-8513-ABA1F78B51EB}.Base|x64.ActiveCfg = Base|x64
		{27AE4258-D5FE-4AC3-8513-ABA1F78B51EB}.Base|x64.Build.0 = Base|x64
		{27AE4258-D5FE-4AC3-8513-ABA1F78B51EB}.Debug|Any CPU.ActiveCfg = Debug|Any CPU
		{27AE4258-D5FE-4AC3-8513-ABA1F78B51EB}.Debug|Any CPU.Build.0 = Debug|Any CPU
		{27AE4258-D5FE-4AC3-8513-ABA1F78B51EB}.Debug|x64.ActiveCfg = Debug|x64
		{27AE4258-D5FE-4AC3-8513-ABA1F78B51EB}.Debug|x64.Build.0 = Debug|x64
		{27AE4258-D5FE-4AC3-8513-ABA1F78B51EB}.Debug2|Any CPU.ActiveCfg = Debug2|Any CPU
		{27AE4258-D5FE-4AC3-8513-ABA1F78B51EB}.Debug2|Any CPU.Build.0 = Debug2|Any CPU
		{27AE4258-D5FE-4AC3-8513-ABA1F78B51EB}.Debug2|x64.ActiveCfg = Debug2|x64
		{27AE4258-D5FE-4AC3-8513-ABA1F78B51EB}.Debug2|x64.Build.0 = Debug2|x64
		{27AE4258-D5FE-4AC3-8513-ABA1F78B51EB}.Release|Any CPU.ActiveCfg = Release|Any CPU
		{27AE4258-D5FE-4AC3-8513-ABA1F78B51EB}.Release|Any CPU.Build.0 = Release|Any CPU
		{27AE4258-D5FE-4AC3-8513-ABA1F78B51EB}.Release|x64.ActiveCfg = Release|x64
		{27AE4258-D5FE-4AC3-8513-ABA1F78B51EB}.Release|x64.Build.0 = Release|x64
		{F714D5D1-E5E4-4C8E-82A6-3B594341297D}.Base|Any CPU.ActiveCfg = Base|Any CPU
		{F714D5D1-E5E4-4C8E-82A6-3B594341297D}.Base|Any CPU.Build.0 = Base|Any CPU
		{F714D5D1-E5E4-4C8E-82A6-3B594341297D}.Base|Any CPU.Deploy.0 = Base|Any CPU
		{F714D5D1-E5E4-4C8E-82A6-3B594341297D}.Base|x64.ActiveCfg = Base|x64
		{F714D5D1-E5E4-4C8E-82A6-3B594341297D}.Base|x64.Build.0 = Base|x64
		{F714D5D1-E5E4-4C8E-82A6-3B594341297D}.Base|x64.Deploy.0 = Base|x64
		{F714D5D1-E5E4-4C8E-82A6-3B594341297D}.Debug|Any CPU.ActiveCfg = Debug|Any CPU
		{F714D5D1-E5E4-4C8E-82A6-3B594341297D}.Debug|Any CPU.Build.0 = Debug|Any CPU
		{F714D5D1-E5E4-4C8E-82A6-3B594341297D}.Debug|Any CPU.Deploy.0 = Debug|Any CPU
		{F714D5D1-E5E4-4C8E-82A6-3B594341297D}.Debug|x64.ActiveCfg = Debug|x64
		{F714D5D1-E5E4-4C8E-82A6-3B594341297D}.Debug|x64.Build.0 = Debug|x64
		{F714D5D1-E5E4-4C8E-82A6-3B594341297D}.Debug|x64.Deploy.0 = Debug|x64
		{F714D5D1-E5E4-4C8E-82A6-3B594341297D}.Debug2|Any CPU.ActiveCfg = Debug2|Any CPU
		{F714D5D1-E5E4-4C8E-82A6-3B594341297D}.Debug2|Any CPU.Build.0 = Debug2|Any CPU
		{F714D5D1-E5E4-4C8E-82A6-3B594341297D}.Debug2|Any CPU.Deploy.0 = Debug2|Any CPU
		{F714D5D1-E5E4-4C8E-82A6-3B594341297D}.Debug2|x64.ActiveCfg = Debug2|x64
		{F714D5D1-E5E4-4C8E-82A6-3B594341297D}.Debug2|x64.Build.0 = Debug2|x64
		{F714D5D1-E5E4-4C8E-82A6-3B594341297D}.Debug2|x64.Deploy.0 = Debug2|x64
		{F714D5D1-E5E4-4C8E-82A6-3B594341297D}.Release|Any CPU.ActiveCfg = Release|Any CPU
		{F714D5D1-E5E4-4C8E-82A6-3B594341297D}.Release|Any CPU.Build.0 = Release|Any CPU
		{F714D5D1-E5E4-4C8E-82A6-3B594341297D}.Release|Any CPU.Deploy.0 = Release|Any CPU
		{F714D5D1-E5E4-4C8E-82A6-3B594341297D}.Release|x64.ActiveCfg = Release|x64
		{F714D5D1-E5E4-4C8E-82A6-3B594341297D}.Release|x64.Build.0 = Release|x64
		{F714D5D1-E5E4-4C8E-82A6-3B594341297D}.Release|x64.Deploy.0 = Release|x64
		{81120D91-CAB2-4DCA-A141-D2CFA64D6EE6}.Base|Any CPU.ActiveCfg = Base|Any CPU
		{81120D91-CAB2-4DCA-A141-D2CFA64D6EE6}.Base|Any CPU.Build.0 = Base|Any CPU
		{81120D91-CAB2-4DCA-A141-D2CFA64D6EE6}.Base|x64.ActiveCfg = Base|x64
		{81120D91-CAB2-4DCA-A141-D2CFA64D6EE6}.Base|x64.Build.0 = Base|x64
		{81120D91-CAB2-4DCA-A141-D2CFA64D6EE6}.Debug|Any CPU.ActiveCfg = Debug|Any CPU
		{81120D91-CAB2-4DCA-A141-D2CFA64D6EE6}.Debug|Any CPU.Build.0 = Debug|Any CPU
		{81120D91-CAB2-4DCA-A141-D2CFA64D6EE6}.Debug|x64.ActiveCfg = Debug|x64
		{81120D91-CAB2-4DCA-A141-D2CFA64D6EE6}.Debug|x64.Build.0 = Debug|x64
		{81120D91-CAB2-4DCA-A141-D2CFA64D6EE6}.Debug2|Any CPU.ActiveCfg = Debug2|Any CPU
		{81120D91-CAB2-4DCA-A141-D2CFA64D6EE6}.Debug2|Any CPU.Build.0 = Debug2|Any CPU
		{81120D91-CAB2-4DCA-A141-D2CFA64D6EE6}.Debug2|x64.ActiveCfg = Debug2|x64
		{81120D91-CAB2-4DCA-A141-D2CFA64D6EE6}.Debug2|x64.Build.0 = Debug2|x64
		{81120D91-CAB2-4DCA-A141-D2CFA64D6EE6}.Release|Any CPU.ActiveCfg = Release|Any CPU
		{81120D91-CAB2-4DCA-A141-D2CFA64D6EE6}.Release|Any CPU.Build.0 = Release|Any CPU
		{81120D91-CAB2-4DCA-A141-D2CFA64D6EE6}.Release|x64.ActiveCfg = Release|x64
		{81120D91-CAB2-4DCA-A141-D2CFA64D6EE6}.Release|x64.Build.0 = Release|x64
		{2694BEB6-F330-4D4C-A2F1-741E50266DCE}.Base|Any CPU.ActiveCfg = Base|Any CPU
		{2694BEB6-F330-4D4C-A2F1-741E50266DCE}.Base|Any CPU.Build.0 = Base|Any CPU
		{2694BEB6-F330-4D4C-A2F1-741E50266DCE}.Base|x64.ActiveCfg = Base|x64
		{2694BEB6-F330-4D4C-A2F1-741E50266DCE}.Base|x64.Build.0 = Base|x64
		{2694BEB6-F330-4D4C-A2F1-741E50266DCE}.Debug|Any CPU.ActiveCfg = Debug|Any CPU
		{2694BEB6-F330-4D4C-A2F1-741E50266DCE}.Debug|Any CPU.Build.0 = Debug|Any CPU
		{2694BEB6-F330-4D4C-A2F1-741E50266DCE}.Debug|x64.ActiveCfg = Debug|x64
		{2694BEB6-F330-4D4C-A2F1-741E50266DCE}.Debug|x64.Build.0 = Debug|x64
		{2694BEB6-F330-4D4C-A2F1-741E50266DCE}.Debug2|Any CPU.ActiveCfg = Debug2|Any CPU
		{2694BEB6-F330-4D4C-A2F1-741E50266DCE}.Debug2|Any CPU.Build.0 = Debug2|Any CPU
		{2694BEB6-F330-4D4C-A2F1-741E50266DCE}.Debug2|x64.ActiveCfg = Debug2|x64
		{2694BEB6-F330-4D4C-A2F1-741E50266DCE}.Debug2|x64.Build.0 = Debug2|x64
		{2694BEB6-F330-4D4C-A2F1-741E50266DCE}.Release|Any CPU.ActiveCfg = Release|Any CPU
		{2694BEB6-F330-4D4C-A2F1-741E50266DCE}.Release|Any CPU.Build.0 = Release|Any CPU
		{2694BEB6-F330-4D4C-A2F1-741E50266DCE}.Release|x64.ActiveCfg = Release|x64
		{2694BEB6-F330-4D4C-A2F1-741E50266DCE}.Release|x64.Build.0 = Release|x64
		{A0CE6E33-F118-450F-B017-0D7CC11AFACB}.Base|Any CPU.ActiveCfg = Base|Any CPU
		{A0CE6E33-F118-450F-B017-0D7CC11AFACB}.Base|Any CPU.Build.0 = Base|Any CPU
		{A0CE6E33-F118-450F-B017-0D7CC11AFACB}.Base|x64.ActiveCfg = Base|x64
		{A0CE6E33-F118-450F-B017-0D7CC11AFACB}.Base|x64.Build.0 = Base|x64
		{A0CE6E33-F118-450F-B017-0D7CC11AFACB}.Debug|Any CPU.ActiveCfg = Debug|Any CPU
		{A0CE6E33-F118-450F-B017-0D7CC11AFACB}.Debug|Any CPU.Build.0 = Debug|Any CPU
		{A0CE6E33-F118-450F-B017-0D7CC11AFACB}.Debug|x64.ActiveCfg = Debug|x64
		{A0CE6E33-F118-450F-B017-0D7CC11AFACB}.Debug|x64.Build.0 = Debug|x64
		{A0CE6E33-F118-450F-B017-0D7CC11AFACB}.Debug2|Any CPU.ActiveCfg = Debug2|Any CPU
		{A0CE6E33-F118-450F-B017-0D7CC11AFACB}.Debug2|Any CPU.Build.0 = Debug2|Any CPU
		{A0CE6E33-F118-450F-B017-0D7CC11AFACB}.Debug2|x64.ActiveCfg = Debug2|x64
		{A0CE6E33-F118-450F-B017-0D7CC11AFACB}.Debug2|x64.Build.0 = Debug2|x64
		{A0CE6E33-F118-450F-B017-0D7CC11AFACB}.Release|Any CPU.ActiveCfg = Release|Any CPU
		{A0CE6E33-F118-450F-B017-0D7CC11AFACB}.Release|Any CPU.Build.0 = Release|Any CPU
		{A0CE6E33-F118-450F-B017-0D7CC11AFACB}.Release|x64.ActiveCfg = Release|x64
		{A0CE6E33-F118-450F-B017-0D7CC11AFACB}.Release|x64.Build.0 = Release|x64
	EndGlobalSection
	GlobalSection(SolutionProperties) = preSolution
		HideSolutionNode = FALSE
	EndGlobalSection
EndGlobal
